
Microsoft Visual Studio Solution File, Format Version 12.00
# Visual Studio 15
VisualStudioVersion = 15.0.28010.2046
MinimumVisualStudioVersion = 10.0.40219.1
Project("{FAE04EC0-301F-11D3-BF4B-00C04F79EFBC}") = "Lab6", "Lab6.csproj", "{66D38724-9023-4B07-A63A-51B264F46C4D}"
EndProject
Global
	GlobalSection(SolutionConfigurationPlatforms) = preSolution
		Debug|Any CPU = Debug|Any CPU
		Release|Any CPU = Release|Any CPU
	EndGlobalSection
	GlobalSection(ProjectConfigurationPlatforms) = postSolution
		{66D38724-9023-4B07-A63A-51B264F46C4D}.Debug|Any CPU.ActiveCfg = Debug|Any CPU
		{66D38724-9023-4B07-A63A-51B264F46C4D}.Debug|Any CPU.Build.0 = Debug|Any CPU
		{66D38724-9023-4B07-A63A-51B264F46C4D}.Release|Any CPU.ActiveCfg = Release|Any CPU
		{66D38724-9023-4B07-A63A-51B264F46C4D}.Release|Any CPU.Build.0 = Release|Any CPU
	EndGlobalSection
	GlobalSection(SolutionProperties) = preSolution
		HideSolutionNode = FALSE
	EndGlobalSection
	GlobalSection(ExtensibilityGlobals) = postSolution
		SolutionGuid = {F9B486FC-44E7-4AA2-B83B-C7ED0B970F05}
	EndGlobalSection
EndGlobal
