
Microsoft Visual Studio Solution File, Format Version 12.00
# Visual Studio 15
VisualStudioVersion = 15.0.28010.2050
MinimumVisualStudioVersion = 10.0.40219.1
Project("{9A19103F-16F7-4668-BE54-9A1E7A4F7556}") = "BicycleShopSurvey", "StudentAppDemo\BicycleShopSurvey.csproj", "{29323CAC-0D53-479F-84E2-E90CD3C63277}"
EndProject
Global
	GlobalSection(SolutionConfigurationPlatforms) = preSolution
		Debug|Any CPU = Debug|Any CPU
		Release|Any CPU = Release|Any CPU
	EndGlobalSection
	GlobalSection(ProjectConfigurationPlatforms) = postSolution
		{29323CAC-0D53-479F-84E2-E90CD3C63277}.Debug|Any CPU.ActiveCfg = Debug|Any CPU
		{29323CAC-0D53-479F-84E2-E90CD3C63277}.Debug|Any CPU.Build.0 = Debug|Any CPU
		{29323CAC-0D53-479F-84E2-E90CD3C63277}.Release|Any CPU.ActiveCfg = Release|Any CPU
		{29323CAC-0D53-479F-84E2-E90CD3C63277}.Release|Any CPU.Build.0 = Release|Any CPU
	EndGlobalSection
	GlobalSection(SolutionProperties) = preSolution
		HideSolutionNode = FALSE
	EndGlobalSection
	GlobalSection(ExtensibilityGlobals) = postSolution
		SolutionGuid = {9FA4B89A-B346-48FE-8F7E-53DB1DDF1EB1}
	EndGlobalSection
EndGlobal
